
Microsoft Visual Studio Solution File, Format Version 12.00
# Visual Studio Version 17
VisualStudioVersion = 17.5.33516.290
MinimumVisualStudioVersion = 10.0.40219.1
Project("{FAE04EC0-301F-11D3-BF4B-00C04F79EFBC}") = "lesson_3_dz", "lesson_3_dz.csproj", "{AA4857B8-016E-4373-AD36-67EE7AE4F7ED}"
EndProject
Global
	GlobalSection(SolutionConfigurationPlatforms) = preSolution
		Debug|Any CPU = Debug|Any CPU
		Release|Any CPU = Release|Any CPU
	EndGlobalSection
	GlobalSection(ProjectConfigurationPlatforms) = postSolution
		{AA4857B8-016E-4373-AD36-67EE7AE4F7ED}.Debug|Any CPU.ActiveCfg = Debug|Any CPU
		{AA4857B8-016E-4373-AD36-67EE7AE4F7ED}.Debug|Any CPU.Build.0 = Debug|Any CPU
		{AA4857B8-016E-4373-AD36-67EE7AE4F7ED}.Release|Any CPU.ActiveCfg = Release|Any CPU
		{AA4857B8-016E-4373-AD36-67EE7AE4F7ED}.Release|Any CPU.Build.0 = Release|Any CPU
	EndGlobalSection
	GlobalSection(SolutionProperties) = preSolution
		HideSolutionNode = FALSE
	EndGlobalSection
	GlobalSection(ExtensibilityGlobals) = postSolution
		SolutionGuid = {386F12D5-65F4-49DE-B580-C044FC750BE8}
	EndGlobalSection
EndGlobal
